
Microsoft Visual Studio Solution File, Format Version 11.00
# Visual Studio 2010
Project("{FAE04EC0-301F-11D3-BF4B-00C04F79EFBC}") = "UDLR-Plugin", "UDLR-Plugin\UDLR-Plugin.csproj", "{14A1CCDD-E68D-461B-96C7-28B887F95A45}"
EndProject
Project("{FAE04EC0-301F-11D3-BF4B-00C04F79EFBC}") = "UDLR-Plugin.Tests", "UDLR-Plugin.Tests\UDLR-Plugin.Tests.csproj", "{5886289F-C2D9-4B97-AF5A-4479D9ACA324}"
EndProject
Global
	GlobalSection(SolutionConfigurationPlatforms) = preSolution
		Debug|Any CPU = Debug|Any CPU
		Release|Any CPU = Release|Any CPU
	EndGlobalSection
	GlobalSection(ProjectConfigurationPlatforms) = postSolution
		{14A1CCDD-E68D-461B-96C7-28B887F95A45}.Debug|Any CPU.ActiveCfg = Debug|Any CPU
		{14A1CCDD-E68D-461B-96C7-28B887F95A45}.Debug|Any CPU.Build.0 = Debug|Any CPU
		{14A1CCDD-E68D-461B-96C7-28B887F95A45}.Release|Any CPU.ActiveCfg = Release|Any CPU
		{14A1CCDD-E68D-461B-96C7-28B887F95A45}.Release|Any CPU.Build.0 = Release|Any CPU
		{5886289F-C2D9-4B97-AF5A-4479D9ACA324}.Debug|Any CPU.ActiveCfg = Debug|Any CPU
		{5886289F-C2D9-4B97-AF5A-4479D9ACA324}.Debug|Any CPU.Build.0 = Debug|Any CPU
		{5886289F-C2D9-4B97-AF5A-4479D9ACA324}.Release|Any CPU.ActiveCfg = Release|Any CPU
		{5886289F-C2D9-4B97-AF5A-4479D9ACA324}.Release|Any CPU.Build.0 = Release|Any CPU
	EndGlobalSection
	GlobalSection(MonoDevelopProperties) = preSolution
		StartupItem = UDLR-Plugin\UDLR-Plugin.csproj
	EndGlobalSection
EndGlobal
